# THIS IS AN AUTOGENERATED FILE. DO NOT EDIT THIS FILE DIRECTLY.
# yarn lockfile v1


"@zhujianshi/slate-list@^0.0.1-alpha.7":
  version "0.0.1-alpha.7"
  resolved "https://registry.npm.taobao.org/@zhujianshi/slate-list/download/@zhujianshi/slate-list-0.0.1-alpha.7.tgz#cfccfe5f6f236e2f7ae16f709147f28419428e4d"
  integrity sha1-z8z+X28jbi964W9wkUfyhBlCjk0=
  dependencies:
    "@zhujianshi/slate-plugin-utils" "^0.0.1-alpha.7"
    is-hotkey "^0.1.6"

"@zhujianshi/slate-plugin-utils@^0.0.1-alpha.7":
  version "0.0.1-alpha.7"
  resolved "https://registry.npm.taobao.org/@zhujianshi/slate-plugin-utils/download/@zhujianshi/slate-plugin-utils-0.0.1-alpha.7.tgz#91608c4a49d15f408366973b545a994443950c3b"
  integrity sha1-kWCMSknRX0CDZpc7VFqZREOVDDs=
  dependencies:
    rc-tooltip "^4.0.0-alpha.3"
    resize-observer-polyfill "^1.5.1"

add-dom-event-listener@^1.1.0:
  version "1.1.0"
  resolved "https://registry.npm.taobao.org/add-dom-event-listener/download/add-dom-event-listener-1.1.0.tgz#6a92db3a0dd0abc254e095c0f1dc14acbbaae310"
  integrity sha1-apLbOg3Qq8JU4JXA8dwUrLuq4xA=
  dependencies:
    object-assign "4.x"

babel-runtime@6.x:
  version "6.26.0"
  resolved "https://registry.npm.taobao.org/babel-runtime/download/babel-runtime-6.26.0.tgz#965c7058668e82b55d7bfe04ff2337bc8b5647fe"
  integrity sha1-llxwWGaOgrVde/4E/yM3vItWR/4=
  dependencies:
    core-js "^2.4.0"
    regenerator-runtime "^0.11.0"

classnames@2.x, classnames@^2.2.6:
  version "2.2.6"
  resolved "https://registry.npm.taobao.org/classnames/download/classnames-2.2.6.tgz#43935bffdd291f326dad0a205309b38d00f650ce"
  integrity sha1-Q5Nb/90pHzJtrQogUwmzjQD2UM4=

component-classes@^1.2.5:
  version "1.2.6"
  resolved "https://registry.npm.taobao.org/component-classes/download/component-classes-1.2.6.tgz#c642394c3618a4d8b0b8919efccbbd930e5cd691"
  integrity sha1-xkI5TDYYpNiwuJGe/Mu9kw5c1pE=
  dependencies:
    component-indexof "0.0.3"

component-indexof@0.0.3:
  version "0.0.3"
  resolved "https://registry.npm.taobao.org/component-indexof/download/component-indexof-0.0.3.tgz#11d091312239eb8f32c8f25ae9cb002ffe8d3c24"
  integrity sha1-EdCRMSI5648yyPJa6csAL/6NPCQ=

core-js@^2.4.0:
  version "2.6.10"
  resolved "https://registry.npm.taobao.org/core-js/download/core-js-2.6.10.tgz?cache=0&sync_timestamp=1573985472102&other_urls=https%3A%2F%2Fregistry.npm.taobao.org%2Fcore-js%2Fdownload%2Fcore-js-2.6.10.tgz#8a5b8391f8cc7013da703411ce5b585706300d7f"
  integrity sha1-iluDkfjMcBPacDQRzltYVwYwDX8=

css-animation@^1.3.2:
  version "1.6.1"
  resolved "https://registry.npm.taobao.org/css-animation/download/css-animation-1.6.1.tgz?cache=0&sync_timestamp=1566456477727&other_urls=https%3A%2F%2Fregistry.npm.taobao.org%2Fcss-animation%2Fdownload%2Fcss-animation-1.6.1.tgz#162064a3b0d51f958b7ff37b3d6d4de18e17039e"
  integrity sha1-FiBko7DVH5WLf/N7PW1N4Y4XA54=
  dependencies:
    babel-runtime "6.x"
    component-classes "^1.2.5"

dom-align@^1.7.0:
  version "1.10.2"
  resolved "https://registry.npm.taobao.org/dom-align/download/dom-align-1.10.2.tgz#540ea1c9e20462bd11b9fc28c561dc8351ece4c6"
  integrity sha1-VA6hyeIEYr0RufwoxWHcg1Hs5MY=

is-hotkey@^0.1.6:
  version "0.1.6"
  resolved "https://registry.npm.taobao.org/is-hotkey/download/is-hotkey-0.1.6.tgz#c214b1ccdcbda46fba4ba93d2de64915db737471"
  integrity sha1-whSxzNy9pG+6S6k9LeZJFdtzdHE=

"js-tokens@^3.0.0 || ^4.0.0":
  version "4.0.0"
  resolved "https://registry.npm.taobao.org/js-tokens/download/js-tokens-4.0.0.tgz#19203fb59991df98e3a287050d4647cdeaf32499"
  integrity sha1-GSA/tZmR35jjoocFDUZHzerzJJk=

loose-envify@^1.4.0:
  version "1.4.0"
  resolved "https://registry.npm.taobao.org/loose-envify/download/loose-envify-1.4.0.tgz#71ee51fa7be4caec1a63839f7e682d8132d30caf"
  integrity sha1-ce5R+nvkyuwaY4OffmgtgTLTDK8=
  dependencies:
    js-tokens "^3.0.0 || ^4.0.0"

object-assign@4.x, object-assign@^4.1.1:
  version "4.1.1"
  resolved "https://registry.npm.taobao.org/object-assign/download/object-assign-4.1.1.tgz?cache=0&other_urls=https%3A%2F%2Fregistry.npm.taobao.org%2Fobject-assign%2Fdownload%2Fobject-assign-4.1.1.tgz#2109adc7965887cfc05cbbd442cac8bfbb360863"
  integrity sha1-IQmtx5ZYh8/AXLvUQsrIv7s2CGM=

performance-now@^2.1.0:
  version "2.1.0"
  resolved "https://registry.npm.taobao.org/performance-now/download/performance-now-2.1.0.tgz#6309f4e0e5fa913ec1c69307ae364b4b377c9e7b"
  integrity sha1-Ywn04OX6kT7BxpMHrjZLSzd8nns=

prop-types@15.x, prop-types@^15.5.10:
  version "15.7.2"
  resolved "https://registry.npm.taobao.org/prop-types/download/prop-types-15.7.2.tgz#52c41e75b8c87e72b9d9360e0206b99dcbffa6c5"
  integrity sha1-UsQedbjIfnK52TYOAga5ncv/psU=
  dependencies:
    loose-envify "^1.4.0"
    object-assign "^4.1.1"
    react-is "^16.8.1"

raf@^3.4.0, raf@^3.4.1:
  version "3.4.1"
  resolved "https://registry.npm.taobao.org/raf/download/raf-3.4.1.tgz?cache=0&other_urls=https%3A%2F%2Fregistry.npm.taobao.org%2Fraf%2Fdownload%2Fraf-3.4.1.tgz#0742e99a4a6552f445d73e3ee0328af0ff1ede39"
  integrity sha1-B0LpmkplUvRF1z4+4DKK8P8e3jk=
  dependencies:
    performance-now "^2.1.0"

rc-align@^3.0.0-alpha.3:
  version "3.0.0-alpha.8"
  resolved "https://registry.npm.taobao.org/rc-align/download/rc-align-3.0.0-alpha.8.tgz#2f076c1a26804818d2e09661d46f6e45d15cb21d"
  integrity sha1-LwdsGiaASBjS4JZh1G9uRdFcsh0=
  dependencies:
    classnames "2.x"
    dom-align "^1.7.0"
    rc-util "^4.12.0"
    resize-observer-polyfill "^1.5.1"

rc-animate@^2.10.1:
  version "2.10.2"
  resolved "https://registry.npm.taobao.org/rc-animate/download/rc-animate-2.10.2.tgz#217fdc76ff26cbf425a5caf87cc8a36ba4598456"
  integrity sha1-IX/cdv8my/Qlpcr4fMija6RZhFY=
  dependencies:
    babel-runtime "6.x"
    classnames "^2.2.6"
    css-animation "^1.3.2"
    prop-types "15.x"
    raf "^3.4.0"
    rc-util "^4.15.3"
    react-lifecycles-compat "^3.0.4"

rc-tooltip@^4.0.0-alpha.3:
  version "4.0.0-alpha.3"
  resolved "https://registry.npm.taobao.org/rc-tooltip/download/rc-tooltip-4.0.0-alpha.3.tgz#ef4e117f1914514b30265af1bda79243ad651eec"
  integrity sha1-704RfxkUUUswJlrxvaeSQ61lHuw=
  dependencies:
    rc-trigger "^4.0.0-alpha.5"

rc-trigger@^4.0.0-alpha.5:
  version "4.0.0-alpha.7"
  resolved "https://registry.npm.taobao.org/rc-trigger/download/rc-trigger-4.0.0-alpha.7.tgz?cache=0&sync_timestamp=1575258206973&other_urls=https%3A%2F%2Fregistry.npm.taobao.org%2Frc-trigger%2Fdownload%2Frc-trigger-4.0.0-alpha.7.tgz#a415b0b346064c20f0f5a378d0157913dbd6867f"
  integrity sha1-pBWws0YGTCDw9aN40BV5E9vWhn8=
  dependencies:
    classnames "^2.2.6"
    prop-types "15.x"
    raf "^3.4.1"
    rc-align "^3.0.0-alpha.3"
    rc-animate "^2.10.1"
    rc-util "^4.13.0"

rc-util@^4.12.0, rc-util@^4.13.0, rc-util@^4.15.3:
  version "4.16.1"
  resolved "https://registry.npm.taobao.org/rc-util/download/rc-util-4.16.1.tgz#bf9070ab219a69624c047026a8c68f71225396a2"
  integrity sha1-v5BwqyGaaWJMBHAmqMaPcSJTlqI=
  dependencies:
    add-dom-event-listener "^1.1.0"
    babel-runtime "6.x"
    prop-types "^15.5.10"
    react-lifecycles-compat "^3.0.4"
    shallowequal "^1.1.0"

react-is@^16.8.1:
  version "16.12.0"
  resolved "https://registry.npm.taobao.org/react-is/download/react-is-16.12.0.tgz#2cc0fe0fba742d97fd527c42a13bec4eeb06241c"
  integrity sha1-LMD+D7p0LZf9UnxCoTvsTusGJBw=

react-lifecycles-compat@^3.0.4:
  version "3.0.4"
  resolved "https://registry.npm.taobao.org/react-lifecycles-compat/download/react-lifecycles-compat-3.0.4.tgz#4f1a273afdfc8f3488a8c516bfda78f872352362"
  integrity sha1-TxonOv38jzSIqMUWv9p4+HI1I2I=

regenerator-runtime@^0.11.0:
  version "0.11.1"
  resolved "https://registry.npm.taobao.org/regenerator-runtime/download/regenerator-runtime-0.11.1.tgz#be05ad7f9bf7d22e056f9726cee5017fbf19e2e9"
  integrity sha1-vgWtf5v30i4Fb5cmzuUBf78Z4uk=

resize-observer-polyfill@^1.5.1:
  version "1.5.1"
  resolved "https://registry.npm.taobao.org/resize-observer-polyfill/download/resize-observer-polyfill-1.5.1.tgz?cache=0&other_urls=https%3A%2F%2Fregistry.npm.taobao.org%2Fresize-observer-polyfill%2Fdownload%2Fresize-observer-polyfill-1.5.1.tgz#0e9020dd3d21024458d4ebd27e23e40269810464"
  integrity sha1-DpAg3T0hAkRY1OvSfiPkAmmBBGQ=

shallowequal@^1.1.0:
  version "1.1.0"
  resolved "https://registry.npm.taobao.org/shallowequal/download/shallowequal-1.1.0.tgz#188d521de95b9087404fd4dcb68b13df0ae4e7f8"
  integrity sha1-GI1SHelbkIdAT9TctosT3wrk5/g=
